# THIS IS AN AUTOGENERATED FILE. DO NOT EDIT THIS FILE DIRECTLY.
# yarn lockfile v1


"@babel/code-frame@^7.0.0":
  version "7.16.0"
  resolved "https://registry.npmjs.org/@babel/code-frame/-/code-frame-7.16.0.tgz"
  dependencies:
    "@babel/highlight" "^7.16.0"

"@babel/helper-validator-identifier@^7.15.7":
  version "7.15.7"
  resolved "https://registry.npmjs.org/@babel/helper-validator-identifier/-/helper-validator-identifier-7.15.7.tgz"

"@babel/highlight@^7.16.0":
  version "7.16.0"
  resolved "https://registry.npmjs.org/@babel/highlight/-/highlight-7.16.0.tgz"
  dependencies:
    "@babel/helper-validator-identifier" "^7.15.7"
    chalk "^2.0.0"
    js-tokens "^4.0.0"

"@commitlint/execute-rule@^15.0.0":
  version "15.0.0"
  resolved "https://registry.npmjs.org/@commitlint/execute-rule/-/execute-rule-15.0.0.tgz"

"@commitlint/load@>6.1.1":
  version "15.0.0"
  resolved "https://registry.npmjs.org/@commitlint/load/-/load-15.0.0.tgz"
  dependencies:
    "@commitlint/execute-rule" "^15.0.0"
    "@commitlint/resolve-extends" "^15.0.0"
    "@commitlint/types" "^15.0.0"
    "@endemolshinegroup/cosmiconfig-typescript-loader" "^3.0.2"
    chalk "^4.0.0"
    cosmiconfig "^7.0.0"
    lodash "^4.17.19"
    resolve-from "^5.0.0"
    typescript "^4.4.3"

"@commitlint/resolve-extends@^15.0.0":
  version "15.0.0"
  resolved "https://registry.npmjs.org/@commitlint/resolve-extends/-/resolve-extends-15.0.0.tgz"
  dependencies:
    import-fresh "^3.0.0"
    lodash "^4.17.19"
    resolve-from "^5.0.0"
    resolve-global "^1.0.0"

"@commitlint/types@^15.0.0":
  version "15.0.0"
  resolved "https://registry.npmjs.org/@commitlint/types/-/types-15.0.0.tgz"
  dependencies:
    chalk "^4.0.0"

"@endemolshinegroup/cosmiconfig-typescript-loader@^3.0.2":
  version "3.0.2"
  resolved "https://registry.npmjs.org/@endemolshinegroup/cosmiconfig-typescript-loader/-/cosmiconfig-typescript-loader-3.0.2.tgz"
  dependencies:
    lodash.get "^4"
    make-error "^1"
    ts-node "^9"
    tslib "^2"

"@types/parse-json@^4.0.0":
  version "4.0.0"
  resolved "https://registry.npmjs.org/@types/parse-json/-/parse-json-4.0.0.tgz"

ansi-styles@^3.2.1:
  version "3.2.1"
  resolved "https://registry.npmjs.org/ansi-styles/-/ansi-styles-3.2.1.tgz"
  dependencies:
    color-convert "^1.9.0"

ansi-styles@^4.1.0:
  version "4.3.0"
  resolved "https://registry.npmjs.org/ansi-styles/-/ansi-styles-4.3.0.tgz"
  dependencies:
    color-convert "^2.0.1"

arg@^4.1.0:
  version "4.1.3"
  resolved "https://registry.npmjs.org/arg/-/arg-4.1.3.tgz"

buffer-from@^1.0.0:
  version "1.1.2"
  resolved "https://registry.npmjs.org/buffer-from/-/buffer-from-1.1.2.tgz"

callsites@^3.0.0:
  version "3.1.0"
  resolved "https://registry.npmjs.org/callsites/-/callsites-3.1.0.tgz"

chalk@^2.0.0, chalk@^2.4.1:
  version "2.4.2"
  resolved "https://registry.npmjs.org/chalk/-/chalk-2.4.2.tgz"
  dependencies:
    ansi-styles "^3.2.1"
    escape-string-regexp "^1.0.5"
    supports-color "^5.3.0"

chalk@^4.0.0:
  version "4.1.2"
  resolved "https://registry.npmjs.org/chalk/-/chalk-4.1.2.tgz"
  dependencies:
    ansi-styles "^4.1.0"
    supports-color "^7.1.0"

color-convert@^1.9.0:
  version "1.9.3"
  resolved "https://registry.npmjs.org/color-convert/-/color-convert-1.9.3.tgz"
  dependencies:
    color-name "1.1.3"

color-convert@^2.0.1:
  version "2.0.1"
  resolved "https://registry.npmjs.org/color-convert/-/color-convert-2.0.1.tgz"
  dependencies:
    color-name "~1.1.4"

color-name@1.1.3:
  version "1.1.3"
  resolved "https://registry.npmjs.org/color-name/-/color-name-1.1.3.tgz"

color-name@~1.1.4:
  version "1.1.4"
  resolved "https://registry.npmjs.org/color-name/-/color-name-1.1.4.tgz"

conventional-commit-types@^2.0.0:
  version "2.3.0"
  resolved "https://registry.npmjs.org/conventional-commit-types/-/conventional-commit-types-2.3.0.tgz"

cosmiconfig@^7.0.0:
  version "7.0.1"
  resolved "https://registry.npmjs.org/cosmiconfig/-/cosmiconfig-7.0.1.tgz"
  dependencies:
    "@types/parse-json" "^4.0.0"
    import-fresh "^3.2.1"
    parse-json "^5.0.0"
    path-type "^4.0.0"
    yaml "^1.10.0"

create-require@^1.1.0:
  version "1.1.1"
  resolved "https://registry.npmjs.org/create-require/-/create-require-1.1.1.tgz"

cz-conventional-changelog@^3.0.1:
  version "3.0.1"
  resolved "https://registry.npmjs.org/cz-conventional-changelog/-/cz-conventional-changelog-3.0.1.tgz"
  dependencies:
    chalk "^2.4.1"
    conventional-commit-types "^2.0.0"
    lodash.map "^4.5.1"
    longest "^2.0.1"
    right-pad "^1.0.1"
    word-wrap "^1.0.3"
  optionalDependencies:
    "@commitlint/load" ">6.1.1"

diff@^4.0.1:
  version "4.0.2"
  resolved "https://registry.npmjs.org/diff/-/diff-4.0.2.tgz"

error-ex@^1.3.1:
  version "1.3.2"
  resolved "https://registry.npmjs.org/error-ex/-/error-ex-1.3.2.tgz"
  dependencies:
    is-arrayish "^0.2.1"

escape-string-regexp@^1.0.5:
  version "1.0.5"
  resolved "https://registry.npmjs.org/escape-string-regexp/-/escape-string-regexp-1.0.5.tgz"

global-dirs@^0.1.1:
  version "0.1.1"
  resolved "https://registry.npmjs.org/global-dirs/-/global-dirs-0.1.1.tgz"
  dependencies:
    ini "^1.3.4"

has-flag@^3.0.0:
  version "3.0.0"
  resolved "https://registry.npmjs.org/has-flag/-/has-flag-3.0.0.tgz"

has-flag@^4.0.0:
  version "4.0.0"
  resolved "https://registry.npmjs.org/has-flag/-/has-flag-4.0.0.tgz"

import-fresh@^3.0.0, import-fresh@^3.2.1:
  version "3.3.0"
  resolved "https://registry.npmjs.org/import-fresh/-/import-fresh-3.3.0.tgz"
  dependencies:
    parent-module "^1.0.0"
    resolve-from "^4.0.0"

ini@^1.3.4:
  version "1.3.8"
  resolved "https://registry.npmjs.org/ini/-/ini-1.3.8.tgz"

is-arrayish@^0.2.1:
  version "0.2.1"
  resolved "https://registry.npmjs.org/is-arrayish/-/is-arrayish-0.2.1.tgz"

js-tokens@^4.0.0:
  version "4.0.0"
  resolved "https://registry.npmjs.org/js-tokens/-/js-tokens-4.0.0.tgz"

json-parse-even-better-errors@^2.3.0:
  version "2.3.1"
  resolved "https://registry.npmjs.org/json-parse-even-better-errors/-/json-parse-even-better-errors-2.3.1.tgz"

lines-and-columns@^1.1.6:
  version "1.2.4"
  resolved "https://registry.npmjs.org/lines-and-columns/-/lines-and-columns-1.2.4.tgz"

lodash.get@^4:
  version "4.4.2"
  resolved "https://registry.npmjs.org/lodash.get/-/lodash.get-4.4.2.tgz"

lodash.map@^4.5.1:
  version "4.6.0"
  resolved "https://registry.npmjs.org/lodash.map/-/lodash.map-4.6.0.tgz"

lodash@^4.17.19:
  version "4.17.21"
  resolved "https://registry.npmjs.org/lodash/-/lodash-4.17.21.tgz"

longest@^2.0.1:
  version "2.0.1"
  resolved "https://registry.npmjs.org/longest/-/longest-2.0.1.tgz"

make-error@^1, make-error@^1.1.1:
  version "1.3.6"
  resolved "https://registry.npmjs.org/make-error/-/make-error-1.3.6.tgz"

parent-module@^1.0.0:
  version "1.0.1"
  resolved "https://registry.npmjs.org/parent-module/-/parent-module-1.0.1.tgz"
  dependencies:
    callsites "^3.0.0"

parse-json@^5.0.0:
  version "5.2.0"
  resolved "https://registry.npmjs.org/parse-json/-/parse-json-5.2.0.tgz"
  dependencies:
    "@babel/code-frame" "^7.0.0"
    error-ex "^1.3.1"
    json-parse-even-better-errors "^2.3.0"
    lines-and-columns "^1.1.6"

path-type@^4.0.0:
  version "4.0.0"
  resolved "https://registry.npmjs.org/path-type/-/path-type-4.0.0.tgz"

resolve-from@^4.0.0:
  version "4.0.0"
  resolved "https://registry.npmjs.org/resolve-from/-/resolve-from-4.0.0.tgz"

resolve-from@^5.0.0:
  version "5.0.0"
  resolved "https://registry.npmjs.org/resolve-from/-/resolve-from-5.0.0.tgz"

resolve-global@^1.0.0:
  version "1.0.0"
  resolved "https://registry.npmjs.org/resolve-global/-/resolve-global-1.0.0.tgz"
  dependencies:
    global-dirs "^0.1.1"

right-pad@^1.0.1:
  version "1.0.1"
  resolved "https://registry.npmjs.org/right-pad/-/right-pad-1.0.1.tgz"

source-map-support@^0.5.17:
  version "0.5.21"
  resolved "https://registry.npmjs.org/source-map-support/-/source-map-support-0.5.21.tgz"
  dependencies:
    buffer-from "^1.0.0"
    source-map "^0.6.0"

source-map@^0.6.0:
  version "0.6.1"
  resolved "https://registry.npmjs.org/source-map/-/source-map-0.6.1.tgz"

supports-color@^5.3.0:
  version "5.5.0"
  resolved "https://registry.npmjs.org/supports-color/-/supports-color-5.5.0.tgz"
  dependencies:
    has-flag "^3.0.0"

supports-color@^7.1.0:
  version "7.2.0"
  resolved "https://registry.npmjs.org/supports-color/-/supports-color-7.2.0.tgz"
  dependencies:
    has-flag "^4.0.0"

ts-node@^9:
  version "9.1.1"
  resolved "https://registry.npmjs.org/ts-node/-/ts-node-9.1.1.tgz"
  dependencies:
    arg "^4.1.0"
    create-require "^1.1.0"
    diff "^4.0.1"
    make-error "^1.1.1"
    source-map-support "^0.5.17"
    yn "3.1.1"

tslib@^2:
  version "2.3.1"
  resolved "https://registry.npmjs.org/tslib/-/tslib-2.3.1.tgz"

typescript@^4.4.3:
  version "4.5.4"
  resolved "https://registry.npmjs.org/typescript/-/typescript-4.5.4.tgz"

word-wrap@^1.0.3:
  version "1.2.4"
  resolved "https://registry.yarnpkg.com/word-wrap/-/word-wrap-1.2.4.tgz#cb4b50ec9aca570abd1f52f33cd45b6c61739a9f"

yaml@^1.10.0:
  version "1.10.2"
  resolved "https://registry.npmjs.org/yaml/-/yaml-1.10.2.tgz"

yn@3.1.1:
  version "3.1.1"
  resolved "https://registry.npmjs.org/yn/-/yn-3.1.1.tgz"
